version = 1
revision = 3
requires-python = ">=3.14"

[[package]]
name = "bbpb"
version = "1.4.2"
source = { registry = "https://pypi.org/simple" }
dependencies = [
    { name = "six" },
]
sdist = { url = "https://files.pythonhosted.org/packages/a5/74/e12935d1718c8020e2dcd18205ad949daef98931598fa9bdc88998676d6f/bbpb-1.4.2.tar.gz", hash = "sha256:03446991bc500cfc9dd2049e6cc9489979e157c5ecb793e27936ab3d579d3496", size = 36339, upload-time = "2025-03-14T15:18:12.098Z" }
wheels = [
    { url = "https://files.pythonhosted.org/packages/9e/f4/d37dcd3692c058942a64793b9d7f85979fd78fca92934e7ad4a95cec5a89/bbpb-1.4.2-py3-none-any.whl", hash = "sha256:ca5ae8c820a12616f0f33b5647d9889515b751ace5820741213fd3f85c7485c0", size = 50074, upload-time = "2025-03-14T15:18:10.388Z" },
]

[[package]]
name = "colorama"
version = "0.4.6"
source = { registry = "https://pypi.org/simple" }
sdist = { url = "https://files.pythonhosted.org/packages/d8/53/6f443c9a4a8358a93a6792e2acffb9d9d5cb0a5cfd8802644b7b1c9a02e4/colorama-0.4.6.tar.gz", hash = "sha256:08695f5cb7ed6e0531a20572697297273c47b8cae5a63ffc6d6ed5c201be6e44", size = 27697, upload-time = "2022-10-25T02:36:22.414Z" }
wheels = [
    { url = "https://files.pythonhosted.org/packages/d1/d6/3965ed04c63042e047cb6a3e6ed1a63a35087b6a609aa3a15ed8ac56c221/colorama-0.4.6-py2.py3-none-any.whl", hash = "sha256:4f1d9991f5acc0ca119f9d443620b77f9d6b33703e51011c16baf57afb285fc6", size = 25335, upload-time = "2022-10-25T02:36:20.889Z" },
]

[[package]]
name = "iniconfig"
version = "2.3.0"
source = { registry = "https://pypi.org/simple" }
sdist = { url = "https://files.pythonhosted.org/packages/72/34/14ca021ce8e5dfedc35312d08ba8bf51fdd999c576889fc2c24cb97f4f10/iniconfig-2.3.0.tar.gz", hash = "sha256:c76315c77db068650d49c5b56314774a7804df16fee4402c1f19d6d15d8c4730", size = 20503, upload-time = "2025-10-18T21:55:43.219Z" }
wheels = [
    { url = "https://files.pythonhosted.org/packages/cb/b1/3846dd7f199d53cb17f49cba7e651e9ce294d8497c8c150530ed11865bb8/iniconfig-2.3.0-py3-none-any.whl", hash = "sha256:f631c04d2c48c52b84d0d0549c99ff3859c98df65b3101406327ecc7d53fbf12", size = 7484, upload-time = "2025-10-18T21:55:41.639Z" },
]

[[package]]
name = "msgdb"
version = "0.1.0"
source = { virtual = "." }
dependencies = [
    { name = "bbpb" },
    { name = "pip-licenses" },
    { name = "protobuf" },
    { name = "python-dotenv" },
    { name = "sqlcipher3" },
]

[package.optional-dependencies]
dev = [
    { name = "pytest" },
    { name = "pytest-asyncio" },
    { name = "ruff" },
]

[package.metadata]
requires-dist = [
    { name = "bbpb", specifier = ">=1.4.2" },
    { name = "pip-licenses", specifier = ">=5.5.5" },
    { name = "protobuf", specifier = ">=5.26" },
    { name = "pytest", marker = "extra == 'dev'", specifier = ">=9.1.1" },
    { name = "pytest-asyncio", marker = "extra == 'dev'", specifier = ">=1.4.0" },
    { name = "python-dotenv", specifier = ">=1.2.2" },
    { name = "ruff", marker = "extra == 'dev'", specifier = ">=0.15.19" },
    { name = "sqlcipher3", specifier = ">=0.6.2" },
]
provides-extras = ["dev"]

[[package]]
name = "packaging"
version = "26.2"
source = { registry = "https://pypi.org/simple" }
sdist = { url = "https://files.pythonhosted.org/packages/d7/f1/e7a6dd94a8d4a5626c03e4e99c87f241ba9e350cd9e6d75123f992427270/packaging-26.2.tar.gz", hash = "sha256:ff452ff5a3e828ce110190feff1178bb1f2ea2281fa2075aadb987c2fb221661", size = 228134, upload-time = "2026-04-24T20:15:23.917Z" }
wheels = [
    { url = "https://files.pythonhosted.org/packages/df/b2/87e62e8c3e2f4b32e5fe99e0b86d576da1312593b39f47d8ceef365e95ed/packaging-26.2-py3-none-any.whl", hash = "sha256:5fc45236b9446107ff2415ce77c807cee2862cb6fac22b8a73826d0693b0980e", size = 100195, upload-time = "2026-04-24T20:15:22.081Z" },
]

[[package]]
name = "pip-licenses"
version = "5.5.5"
source = { registry = "https://pypi.org/simple" }
dependencies = [
    { name = "prettytable" },
]
sdist = { url = "https://files.pythonhosted.org/packages/7d/18/ddd93af610a04f56a51a27095ddfe55238e1ec236f6758730a0d2c0b49f2/pip_licenses-5.5.5.tar.gz", hash = "sha256:60750c006adf7a0910347b726e8ee9fee3bc8d2e7c8307a5c4ec0776c8e2a276", size = 54955, upload-time = "2026-03-28T22:12:56.48Z" }
wheels = [
    { url = "https://files.pythonhosted.org/packages/2a/9a/6acfdb8d463eac7cdae7534d35d72237eca63f5fbafe797289d8a5fae447/pip_licenses-5.5.5-py3-none-any.whl", hash = "sha256:f4c4c6d9e6a03612cf59f29f19dc8ab54904d82e055b8e191498f2279a224e14", size = 23247, upload-time = "2026-03-28T22:12:54.89Z" },
]

[[package]]
name = "pluggy"
version = "1.6.0"
source = { registry = "https://pypi.org/simple" }
sdist = { url = "https://files.pythonhosted.org/packages/f9/e2/3e91f31a7d2b083fe6ef3fa267035b518369d9511ffab804f839851d2779/pluggy-1.6.0.tar.gz", hash = "sha256:7dcc130b76258d33b90f61b658791dede3486c3e6bfb003ee5c9bfb396dd22f3", size = 69412, upload-time = "2025-05-15T12:30:07.975Z" }
wheels = [
    { url = "https://files.pythonhosted.org/packages/54/20/4d324d65cc6d9205fabedc306948156824eb9f0ee1633355a8f7ec5c66bf/pluggy-1.6.0-py3-none-any.whl", hash = "sha256:e920276dd6813095e9377c0bc5566d94c932c33b27a3e3945d8389c374dd4746", size = 20538, upload-time = "2025-05-15T12:30:06.134Z" },
]

[[package]]
name = "prettytable"
version = "3.18.0"
source = { registry = "https://pypi.org/simple" }
dependencies = [
    { name = "wcwidth" },
]
sdist = { url = "https://files.pythonhosted.org/packages/81/74/ba08d81e668ccfe8658d7520a307e63c19862c08eb4ccb26f356c5239a7a/prettytable-3.18.0.tar.gz", hash = "sha256:439217116152244369caf3d9f1caf2f9fe29b03bd79e88d2928c8e718c95d680", size = 76373, upload-time = "2026-06-22T16:07:50.174Z" }
wheels = [
    { url = "https://files.pythonhosted.org/packages/fe/be/2e6798ace5cc036f5d05d36b7b2fd85346f1a708c87060890b070d0ec607/prettytable-3.18.0-py3-none-any.whl", hash = "sha256:b3346e0e6f79180833aebaac088ae926340586cf6d7d991b9eb125b65f72313a", size = 37357, upload-time = "2026-06-22T16:07:48.595Z" },
]

[[package]]
name = "protobuf"
version = "7.35.1"
source = { registry = "https://pypi.org/simple" }
sdist = { url = "https://files.pythonhosted.org/packages/da/01/9ef0afd7999eb9badb3a768b4aedd78c86d4c65cfaf1958ab276199e76b4/protobuf-7.35.1.tar.gz", hash = "sha256:ce115a26fe0c39a2c29973d914d327e516a6455464489fe3cd1e51a1b354f81a", size = 458717, upload-time = "2026-06-11T21:55:40.257Z" }
wheels = [
    { url = "https://files.pythonhosted.org/packages/10/03/8aeeb7458d22546bf64b5250ca1daeb5ff757d900e8e4a7476c6f0db843e/protobuf-7.35.1-cp310-abi3-macosx_10_9_universal2.whl", hash = "sha256:24f857477359a85c0c235261b8ba905fd51b2562f4a64ca1df5473f29850cbf6", size = 433226, upload-time = "2026-06-11T21:55:31.719Z" },
    { url = "https://files.pythonhosted.org/packages/37/4b/dfb89eb0e652a1ff073c39a59fb5e3a83cfe9b57a2c83fa6d78270101767/protobuf-7.35.1-cp310-abi3-manylinux2014_aarch64.whl", hash = "sha256:11d6b0ec246892d85215b0a13ca6e0233cf5284b68f0ac02646427f4ff88a799", size = 328847, upload-time = "2026-06-11T21:55:34.035Z" },
    { url = "https://files.pythonhosted.org/packages/0f/58/dc12f2cd484951524af6e3382c785869b9b3fb5e52ee95ae23add53ee8f9/protobuf-7.35.1-cp310-abi3-manylinux2014_s390x.whl", hash = "sha256:b73f9489a4b8b1c9cb1f8ed951c736392592edb24b9d6819f36d2e10b171d5b4", size = 344030, upload-time = "2026-06-11T21:55:34.941Z" },
    { url = "https://files.pythonhosted.org/packages/e4/be/5b3cfe508bfab6761414ff944e3366eb13be4fd71efcd69450f89ba39f43/protobuf-7.35.1-cp310-abi3-manylinux2014_x86_64.whl", hash = "sha256:74758715c53d7158fb76caf4f0cfdacc5329a4b1bb994f865d6cf302d413a1c4", size = 327130, upload-time = "2026-06-11T21:55:35.921Z" },
    { url = "https://files.pythonhosted.org/packages/d8/bc/6d6c7ba8709c85f8f2c390b2b118d6fb08a783676a572271851bf45a7d22/protobuf-7.35.1-cp310-abi3-win32.whl", hash = "sha256:353652e4efd0bca5b5fc2656abf8307ef351f0cf938c9eba09f0e09c20a25c30", size = 428945, upload-time = "2026-06-11T21:55:37.034Z" },
    { url = "https://files.pythonhosted.org/packages/0a/19/8d0cb6f20a1ef7b18f1c8986ad5783f22f84cce39c6ce9a6e645ea55192e/protobuf-7.35.1-cp310-abi3-win_amd64.whl", hash = "sha256:230a75ddfc2de4806e56696ce9640c1cdfdb6543b7cfce98d42a4c0a0e7bdb87", size = 439996, upload-time = "2026-06-11T21:55:38.123Z" },
    { url = "https://files.pythonhosted.org/packages/19/c7/5f7c636ec43e0c545e28d1f1db71990108306f7bdcb89f069ba97e428e7f/protobuf-7.35.1-py3-none-any.whl", hash = "sha256:4bc97768d8fe4ad6743c8a19403e314511ed9f6d13205b687e52421c023ac1b9", size = 171659, upload-time = "2026-06-11T21:55:39.155Z" },
]

[[package]]
name = "pygments"
version = "2.20.0"
source = { registry = "https://pypi.org/simple" }
sdist = { url = "https://files.pythonhosted.org/packages/c3/b2/bc9c9196916376152d655522fdcebac55e66de6603a76a02bca1b6414f6c/pygments-2.20.0.tar.gz", hash = "sha256:6757cd03768053ff99f3039c1a36d6c0aa0b263438fcab17520b30a303a82b5f", size = 4955991, upload-time = "2026-03-29T13:29:33.898Z" }
wheels = [
    { url = "https://files.pythonhosted.org/packages/f4/7e/a72dd26f3b0f4f2bf1dd8923c85f7ceb43172af56d63c7383eb62b332364/pygments-2.20.0-py3-none-any.whl", hash = "sha256:81a9e26dd42fd28a23a2d169d86d7ac03b46e2f8b59ed4698fb4785f946d0176", size = 1231151, upload-time = "2026-03-29T13:29:30.038Z" },
]

[[package]]
name = "pytest"
version = "9.1.1"
source = { registry = "https://pypi.org/simple" }
dependencies = [
    { name = "colorama", marker = "sys_platform == 'win32'" },
    { name = "iniconfig" },
    { name = "packaging" },
    { name = "pluggy" },
    { name = "pygments" },
]
sdist = { url = "https://files.pythonhosted.org/packages/e4/47/b9efed96c114afcfa3c9d3fe98a76a1d14c74a9e266d397cf6eb64be5e01/pytest-9.1.1.tar.gz", hash = "sha256:1088fbde8f2b49d95a549a195707afa7a76a3ce9bcadc26b6d71f0ffda5fe313", size = 1636369, upload-time = "2026-06-19T10:58:32.857Z" }
wheels = [
    { url = "https://files.pythonhosted.org/packages/24/25/1de2678b631f5a49215c6c96fff41ba892b0a34df68d6d80292b1b48aa7f/pytest-9.1.1-py3-none-any.whl", hash = "sha256:37a86b45efb9a47a61a36449063e8e18d0cab3161329fc099eb21783169c4f0c", size = 386536, upload-time = "2026-06-19T10:58:31.347Z" },
]

[[package]]
name = "pytest-asyncio"
version = "1.4.0"
source = { registry = "https://pypi.org/simple" }
dependencies = [
    { name = "pytest" },
]
sdist = { url = "https://files.pythonhosted.org/packages/43/7c/d36d04db312ecf4298932ef77e6e4a9e8ad017906e24e34f0b0c361a2473/pytest_asyncio-1.4.0.tar.gz", hash = "sha256:c6c0d2259945122819f171a32ecea2c349ead889ee28176caaf492143424be42", size = 58514, upload-time = "2026-05-26T09:56:04.083Z" }
wheels = [
    { url = "https://files.pythonhosted.org/packages/03/e2/08a497ef684b88559c9cc5f4ad53a37e7b99e727094a86d6ea32536d5d3c/pytest_asyncio-1.4.0-py3-none-any.whl", hash = "sha256:933ca923a23075a87fb7070c0ec272a6848489824d887c85c812670932835aa1", size = 16930, upload-time = "2026-05-26T09:56:02.576Z" },
]

[[package]]
name = "python-dotenv"
version = "1.2.2"
source = { registry = "https://pypi.org/simple" }
sdist = { url = "https://files.pythonhosted.org/packages/82/ed/0301aeeac3e5353ef3d94b6ec08bbcabd04a72018415dcb29e588514bba8/python_dotenv-1.2.2.tar.gz", hash = "sha256:2c371a91fbd7ba082c2c1dc1f8bf89ca22564a087c2c287cd9b662adde799cf3", size = 50135, upload-time = "2026-03-01T16:00:26.196Z" }
wheels = [
    { url = "https://files.pythonhosted.org/packages/0b/d7/1959b9648791274998a9c3526f6d0ec8fd2233e4d4acce81bbae76b44b2a/python_dotenv-1.2.2-py3-none-any.whl", hash = "sha256:1d8214789a24de455a8b8bd8ae6fe3c6b69a5e3d64aa8a8e5d68e694bbcb285a", size = 22101, upload-time = "2026-03-01T16:00:25.09Z" },
]

[[package]]
name = "ruff"
version = "0.15.22"
source = { registry = "https://pypi.org/simple" }
sdist = { url = "https://files.pythonhosted.org/packages/3a/06/ae069393fc66e8ff33036d4b368003833bf6e88ccf182e17e7a2f1c754fd/ruff-0.15.22.tar.gz", hash = "sha256:3f15175b1fb580126f58285a5dae6b2ea89000136d980c64499211f116b54809", size = 4785063, upload-time = "2026-07-16T15:14:13.244Z" }
wheels = [
    { url = "https://files.pythonhosted.org/packages/23/18/ee54b7ae1e121be7a28ea6da4b67564ebb0530e183a54415ab7e3bcd2c4e/ruff-0.15.22-py3-none-linux_armv6l.whl", hash = "sha256:44423e73493737f5e7c5b41d475483898ff37afcdae38bc3da5085e29af1c2d8", size = 10781258, upload-time = "2026-07-16T15:13:19.452Z" },
    { url = "https://files.pythonhosted.org/packages/2f/d2/2520cb14761ddbeaf57642a76942fc36adcbdbe53b4532241995f6fc485c/ruff-0.15.22-py3-none-macosx_10_12_x86_64.whl", hash = "sha256:b82c6482946e9eda7ff2e091d25b8bad3f718684e1916d41bd56873cee05b697", size = 10999477, upload-time = "2026-07-16T15:13:23.318Z" },
    { url = "https://files.pythonhosted.org/packages/c9/10/74e53572aa758dfaa678c2a2646b5c5515d884b7ca56be4d2ce03ca4b560/ruff-0.15.22-py3-none-macosx_11_0_arm64.whl", hash = "sha256:11c1c715af53a09f714e011106bffc419751ec8232fcb5da42173284ea3fec6f", size = 10466716, upload-time = "2026-07-16T15:13:26.162Z" },
    { url = "https://files.pythonhosted.org/packages/1e/cc/44eaaf0844e028182f2d0a8f2190d0f359159aed0a9e5ab861d892f1ae2a/ruff-0.15.22-py3-none-manylinux_2_17_aarch64.manylinux2014_aarch64.whl", hash = "sha256:742a29cf29bddb7c8327895d6a10e0e6c5b38a96dd407af9b5d0857f809c0576", size = 10892644, upload-time = "2026-07-16T15:13:29.229Z" },
    { url = "https://files.pythonhosted.org/packages/9f/21/8edf559014d2b0f82beea19cfb713993ad802ccda16868769979c6090a84/ruff-0.15.22-py3-none-manylinux_2_17_armv7l.manylinux2014_armv7l.whl", hash = "sha256:72af58b951b0ae395935ae79763dc349bc0eb706319d28f7a33ad2cfb3cfc178", size = 10576719, upload-time = "2026-07-16T15:13:32.35Z" },
    { url = "https://files.pythonhosted.org/packages/bf/1e/3a13abd392a3b50b62e5938a831f9ab6e588358cacad5c18545b716d2182/ruff-0.15.22-py3-none-manylinux_2_17_i686.manylinux2014_i686.whl", hash = "sha256:62d425005c1835eb24e2ee4161cb90e8db263415f4a71c8c72c33abaa6c0c224", size = 11376494, upload-time = "2026-07-16T15:13:35.958Z" },
    { url = "https://files.pythonhosted.org/packages/bf/3e/422d3d95bcf04dd78e1aeac22184d4f9a8fb2c01865d39d44618484a0317/ruff-0.15.22-py3-none-manylinux_2_17_ppc64le.manylinux2014_ppc64le.whl", hash = "sha256:e8b9b3f8779a4f08c969defc3c8c35abffaa757e601ed5ae66d6d1db6519969a", size = 12208370, upload-time = "2026-07-16T15:13:39.185Z" },
    { url = "https://files.pythonhosted.org/packages/1e/91/5d065a0e0a02bf4813f5119ad278462eed081d2b832eb7c021ade0ec9e65/ruff-0.15.22-py3-none-manylinux_2_17_s390x.manylinux2014_s390x.whl", hash = "sha256:1e0dd1b2e4d3d585f897a0d137cbf4eaf6223bef4e8ce34d6bb12556c5f9249e", size = 11581098, upload-time = "2026-07-16T15:13:42.132Z" },
    { url = "https://files.pythonhosted.org/packages/f6/f9/a0d4871d12fae702eb1f41b686caf05f1f8b124dc6db6f784f53d74918fa/ruff-0.15.22-py3-none-manylinux_2_17_x86_64.manylinux2014_x86_64.whl", hash = "sha256:365523eb91d9224e1bcb03b022fbf0facb8f9e23792a2c53d9d4b3924bdbdebb", size = 11399422, upload-time = "2026-07-16T15:13:45.2Z" },
    { url = "https://files.pythonhosted.org/packages/18/80/c843a5176cddbceb0b7e8dd41cf9993490796c1c469348d384f5a5c13c56/ruff-0.15.22-py3-none-manylinux_2_31_riscv64.whl", hash = "sha256:fabfd168afdf29fee5be98b831efa9683c94d7c5a3b58b9ce5a2e38444589a74", size = 11381683, upload-time = "2026-07-16T15:13:48.46Z" },
    { url = "https://files.pythonhosted.org/packages/d4/00/8485de0ae92239438a36cfc51350db9b9e85c9ebdfaea91b18e422706662/ruff-0.15.22-py3-none-musllinux_1_2_aarch64.whl", hash = "sha256:225dbf095a87f1d9f90f5fd7924d2613ee452a75a4308c63a8f50f761787aa7c", size = 10850295, upload-time = "2026-07-16T15:13:51.655Z" },
    { url = "https://files.pythonhosted.org/packages/fa/91/24977ec2ec72eaf15e4394ace2959fdff2dd1e14f03e005e838023407169/ruff-0.15.22-py3-none-musllinux_1_2_armv7l.whl", hash = "sha256:1877d63b9d24ed278744f1523fd11b85540566d54641f97c566d7d9dc5ca5296", size = 10579640, upload-time = "2026-07-16T15:13:54.79Z" },
    { url = "https://files.pythonhosted.org/packages/9c/47/9b51216951974df1f263ac19da550d34252e0ed7218c25f10c5ef9ed7517/ruff-0.15.22-py3-none-musllinux_1_2_i686.whl", hash = "sha256:a1606c510bd7215680d32efab38965f7cdec3ef69f5170a3f4791404ffdd5262", size = 11105077, upload-time = "2026-07-16T15:13:57.915Z" },
    { url = "https://files.pythonhosted.org/packages/c2/47/20e9d4a3b8016778acea5fc32bb50d35d207500a17ddb529ffa6996feef8/ruff-0.15.22-py3-none-musllinux_1_2_x86_64.whl", hash = "sha256:630479b18625f5ffc373f77603a22a9f8ac0acd7ff0501178b5db28ec71e9c64", size = 11490980, upload-time = "2026-07-16T15:14:01.032Z" },
    { url = "https://files.pythonhosted.org/packages/4d/76/3f72d8fc38c1cb77b38c56a70da9d0c17700cc1cc50f9649c9d3c8f5ba71/ruff-0.15.22-py3-none-win32.whl", hash = "sha256:e5ba0e4a13fd14abbed2a77b517a3911290c6c6c59ef67784328d1668fab76cf", size = 10789165, upload-time = "2026-07-16T15:14:04.16Z" },
    { url = "https://files.pythonhosted.org/packages/cb/46/4965251734c2b6fcdca1b1b187d20bcac3af0ee5b083b89c910bb961ce3a/ruff-0.15.22-py3-none-win_amd64.whl", hash = "sha256:9be63ba1eb936acd2d1342fb8337c356353706fce233b2a15a09a97037e6acde", size = 11938297, upload-time = "2026-07-16T15:14:07.316Z" },
    { url = "https://files.pythonhosted.org/packages/57/c9/e69b1ff4c8b69093ef08b8919ab767af0569666865b39c30a8795d88d3c6/ruff-0.15.22-py3-none-win_arm64.whl", hash = "sha256:e1168075b72158510839f250027659cdd78476f40507dd517892304c41318661", size = 11298172, upload-time = "2026-07-16T15:14:10.51Z" },
]

[[package]]
name = "six"
version = "1.17.0"
source = { registry = "https://pypi.org/simple" }
sdist = { url = "https://files.pythonhosted.org/packages/94/e7/b2c673351809dca68a0e064b6af791aa332cf192da575fd474ed7d6f16a2/six-1.17.0.tar.gz", hash = "sha256:ff70335d468e7eb6ec65b95b99d3a2836546063f63acc5171de367e834932a81", size = 34031, upload-time = "2024-12-04T17:35:28.174Z" }
wheels = [
    { url = "https://files.pythonhosted.org/packages/b7/ce/149a00dd41f10bc29e5921b496af8b574d8413afcd5e30dfa0ed46c2cc5e/six-1.17.0-py2.py3-none-any.whl", hash = "sha256:4721f391ed90541fddacab5acf947aa0d3dc7d27b2e1e8eda2be8970586c3274", size = 11050, upload-time = "2024-12-04T17:35:26.475Z" },
]

[[package]]
name = "sqlcipher3"
version = "0.6.2"
source = { registry = "https://pypi.org/simple" }
sdist = { url = "https://files.pythonhosted.org/packages/ae/c1/414003d77549c444bafd636149ab3ace6f4e2cb4666c9955d54ad62096cb/sqlcipher3-0.6.2.tar.gz", hash = "sha256:a2b675289ba8889f389625a21f3a01f1ff159a551b5b88fba8fd92da0e02380a", size = 2663213, upload-time = "2026-01-07T23:13:26.061Z" }
wheels = [
    { url = "https://files.pythonhosted.org/packages/27/a6/8e0ac8e198ba5c92b4af150f1b405968dacb399259bb74e732818dbacb46/sqlcipher3-0.6.2-cp314-cp314-macosx_10_15_universal2.whl", hash = "sha256:dae7ce66554f2416d9e9012cc78dfe4d4053385e7fa289a8d0bd7772e5f5a702", size = 4943422, upload-time = "2026-01-07T23:12:42.883Z" },
    { url = "https://files.pythonhosted.org/packages/e1/99/72b4e23936bd4065fb97c07429a395c828a1d7419776219c7e98932df14f/sqlcipher3-0.6.2-cp314-cp314-macosx_10_15_x86_64.whl", hash = "sha256:be137cc92c9a039e469a758ee55e27e2385f419d1387f24e2029c536aa5d9736", size = 2894925, upload-time = "2026-01-07T23:12:44.133Z" },
    { url = "https://files.pythonhosted.org/packages/f6/01/f3552874b158d83c15fb9d550576020cc42b34019d0daf3291b381fbfb01/sqlcipher3-0.6.2-cp314-cp314-macosx_11_0_arm64.whl", hash = "sha256:5c1f4a5805faa418c9c7290e6a556a8c5abae40ea59b04d76e960e33c257e618", size = 3160559, upload-time = "2026-01-07T23:12:45.552Z" },
    { url = "https://files.pythonhosted.org/packages/20/a0/274cbe5180a837818f5502823b5fa20f198546abc36ee56803636db5dcaf/sqlcipher3-0.6.2-cp314-cp314-manylinux_2_28_aarch64.whl", hash = "sha256:e2328f0848ffb78807cf0898749dc22ff3f5aa95ab0d5a8a253628de20c11a1c", size = 7257835, upload-time = "2026-01-07T23:12:46.856Z" },
    { url = "https://files.pythonhosted.org/packages/d5/49/0d9a84435658ea3a6cdbb54cb8e67725e4c146726d008248531dca146eb7/sqlcipher3-0.6.2-cp314-cp314-manylinux_2_28_i686.whl", hash = "sha256:a1fbb693bf7c2f6f46ed038544b0bf76ea43dcc3231905cf5a686af15dc9b424", size = 6872199, upload-time = "2026-01-07T23:12:48.235Z" },
    { url = "https://files.pythonhosted.org/packages/ff/12/8d554633c3975f429e07cf07e136fb94ace10b460e1cb86b4c8019b7cdb4/sqlcipher3-0.6.2-cp314-cp314-manylinux_2_28_x86_64.whl", hash = "sha256:e00988174ecd67ecd4537504c3df55bf8daeb75fce98401f099dff8e22c43ae1", size = 7037131, upload-time = "2026-01-07T23:12:49.416Z" },
    { url = "https://files.pythonhosted.org/packages/2e/7a/58dbb21db860d006d2be466678e7fdc317118a55c0e8a3e2a7f848f42112/sqlcipher3-0.6.2-cp314-cp314-musllinux_1_2_aarch64.whl", hash = "sha256:a105e816579bb7cce6f03e7e208b06d6d886c6445e1c738ed9aa2febabff3041", size = 7250574, upload-time = "2026-01-07T23:12:50.73Z" },
    { url = "https://files.pythonhosted.org/packages/62/84/8d1f55fd8fadef56b40ee19bfae23100b5ff883bec65582a12a4bfbd56d5/sqlcipher3-0.6.2-cp314-cp314-musllinux_1_2_x86_64.whl", hash = "sha256:e3a936d7414ae62f40880668bc036b0fde1ef0f48ed86cfe6564340f780ceea4", size = 7058156, upload-time = "2026-01-07T23:12:52.13Z" },
    { url = "https://files.pythonhosted.org/packages/d5/0d/80861eeeba9f5f6a0f202b3d27f9ab696e2c885442ed9340ad96ba0ed66c/sqlcipher3-0.6.2-cp314-cp314-win32.whl", hash = "sha256:7a07dafe752e013d4030accf218e80472d08de1309ddaf26df6f02d0850b2cec", size = 2028880, upload-time = "2026-01-07T23:12:53.316Z" },
    { url = "https://files.pythonhosted.org/packages/a6/11/950f0b092588866213e5d89b08701d24a938c9df116673bba54ac35f61af/sqlcipher3-0.6.2-cp314-cp314-win_amd64.whl", hash = "sha256:7de6133b19aec27b30698267cc2a0ea6e82c21d9a81d349cf0b480439fb549ac", size = 2556915, upload-time = "2026-01-07T23:12:54.615Z" },
    { url = "https://files.pythonhosted.org/packages/5c/e7/cc1ce8e013bb84b8429b9736de7aca58b738781b08230bc9ba1c1e1a6d55/sqlcipher3-0.6.2-cp314-cp314-win_arm64.whl", hash = "sha256:765e133bd4ddda5596275f1221fa63b2b5d7d2b6e3670809bbf630edb705e27a", size = 2722598, upload-time = "2026-01-07T23:12:55.743Z" },
    { url = "https://files.pythonhosted.org/packages/26/68/611dd86b446e069f769cf129cde96967982e0b41f49e66df9d3d21255df7/sqlcipher3-0.6.2-cp314-cp314t-macosx_10_15_universal2.whl", hash = "sha256:83533b5b7622ec9b78bec7596d96534e30015136f3e3e69a22f836fc59e393bc", size = 4947511, upload-time = "2026-01-07T23:12:56.968Z" },
    { url = "https://files.pythonhosted.org/packages/80/24/b7e39a394841d56a678edb4b5a3b259b5a07bbb86a3863e15c5e1b041a58/sqlcipher3-0.6.2-cp314-cp314t-macosx_10_15_x86_64.whl", hash = "sha256:310d7adbea382bda31007ee7d3dc63ba6ca86fcf7c0626ea804161fad2efce5e", size = 2896925, upload-time = "2026-01-07T23:12:58.09Z" },
    { url = "https://files.pythonhosted.org/packages/31/ff/0b4b0cb02dd4084325bce526f0f4467c6a1ebcdf8fc625516734640f37ba/sqlcipher3-0.6.2-cp314-cp314t-macosx_11_0_arm64.whl", hash = "sha256:1010c4ff1ff13a7e53284a3b03980754dbd37e6eea6faed9c6409e52bac082e6", size = 3164288, upload-time = "2026-01-07T23:12:59.362Z" },
    { url = "https://files.pythonhosted.org/packages/d0/c3/bab9952c3c1bbde45313716610c5dcd36528b315228ac0b51e2d45217509/sqlcipher3-0.6.2-cp314-cp314t-manylinux_2_28_aarch64.whl", hash = "sha256:d437215611b620b32cb6b68dbc66dbeaccdfb3f76a7b6d8118a40849f8612088", size = 7300761, upload-time = "2026-01-07T23:13:00.836Z" },
    { url = "https://files.pythonhosted.org/packages/2b/ca/3315292ed9ddbcd2de28f445ad11cc4a7f710d8b2ab2095aa0a629682d25/sqlcipher3-0.6.2-cp314-cp314t-manylinux_2_28_i686.whl", hash = "sha256:09e4170b1b2744b02b1c9315996a228d0b8d8a3ec1a0f7d4d41db0e79872fcea", size = 6911561, upload-time = "2026-01-07T23:13:02.072Z" },
    { url = "https://files.pythonhosted.org/packages/a8/66/fdfdb11110d7166ca3707180d9ce85642be096d348072aba0ef8483b307a/sqlcipher3-0.6.2-cp314-cp314t-manylinux_2_28_x86_64.whl", hash = "sha256:bb4eaa9093bd46a7d51a65b9f63bac29ec4fc6b4ac794083e53eeb49f6db7e2c", size = 7074025, upload-time = "2026-01-07T23:13:03.327Z" },
    { url = "https://files.pythonhosted.org/packages/ca/24/69b9bdc5ae7859a009b5336515c7e4ea5d58dfe3e358e44fabbcdd1431ae/sqlcipher3-0.6.2-cp314-cp314t-musllinux_1_2_aarch64.whl", hash = "sha256:782111277cbd999b7bc4e9e910396492ee28397c2c60ef7287b6dbc36a0b6a24", size = 7293516, upload-time = "2026-01-07T23:13:04.67Z" },
    { url = "https://files.pythonhosted.org/packages/07/1b/2a62a605851b6ada8686c31b0cd82dd4305b7b19a57af3dbf7fe43249d1e/sqlcipher3-0.6.2-cp314-cp314t-musllinux_1_2_x86_64.whl", hash = "sha256:a01424f0d0120e8d9d3e0e1751ef78e70867bbce91f283b56911e8c6adaafddb", size = 7096368, upload-time = "2026-01-07T23:13:06.205Z" },
    { url = "https://files.pythonhosted.org/packages/c1/7a/6c7d3356c9885e87a49d8f649f25019125ce6e68b4c8bb3933538d7add2c/sqlcipher3-0.6.2-cp314-cp314t-win32.whl", hash = "sha256:311fa50be627a4d1566bed31fd7725dec535a71332dcefdcdf9ec2472c4f824d", size = 2031516, upload-time = "2026-01-07T23:13:07.374Z" },
    { url = "https://files.pythonhosted.org/packages/47/be/42d8d5cbcd0a89a5d7bfa1fe2ff986355d8b5910445b92f9d109b18eca93/sqlcipher3-0.6.2-cp314-cp314t-win_amd64.whl", hash = "sha256:7ac16581a5b80c54237c5f08f2e488051dfa7f52e3890e7765a6364d5bb3a2c6", size = 2559803, upload-time = "2026-01-07T23:13:08.447Z" },
    { url = "https://files.pythonhosted.org/packages/9d/27/140a300fd151773604c4ff75ff5785febf25071231f239d6ce84b32e1408/sqlcipher3-0.6.2-cp314-cp314t-win_arm64.whl", hash = "sha256:76125dd222f4946302f70281e155ae9336efa4bc6fabdc81a7ae9bd4dfce9180", size = 2724322, upload-time = "2026-01-07T23:13:09.5Z" },
]

[[package]]
name = "wcwidth"
version = "0.8.2"
source = { registry = "https://pypi.org/simple" }
sdist = { url = "https://files.pythonhosted.org/packages/34/74/c6428f875774288bec1396f5bfcbc2d925700a4dad61727fd5f2b12f249d/wcwidth-0.8.2.tar.gz", hash = "sha256:91fbef97204b96a3d4d421609b80340b760cf33e26da123ff243d76b1fda8dda", size = 1466253, upload-time = "2026-06-29T18:11:11.601Z" }
wheels = [
    { url = "https://files.pythonhosted.org/packages/96/42/3e5985a0a7e57de470b320c6d6a1a67c844f6737a587f3d44dd13d1819e7/wcwidth-0.8.2-py3-none-any.whl", hash = "sha256:d63947694a0539a1d51e01eda7caf800c291020e6cdd7e28ad7b14dd33ad4f85", size = 323166, upload-time = "2026-06-29T18:11:09.888Z" },
]
